
Microsoft Visual Studio Solution File, Format Version 12.00
# Visual Studio Version 16
VisualStudioVersion = 16.0.29920.165
MinimumVisualStudioVersion = 10.0.40219.1
Project("{9A19103F-16F7-4668-BE54-9A1E7A4F7556}") = "VBA CLI", "VBA CLI.csproj", "{67D9323C-FEE5-4A18-8D1A-0C6CAA47A186}"
EndProject
Global
	GlobalSection(SolutionConfigurationPlatforms) = preSolution
		Debug|Any CPU = Debug|Any CPU
		Release|Any CPU = Release|Any CPU
	EndGlobalSection
	GlobalSection(ProjectConfigurationPlatforms) = postSolution
		{67D9323C-FEE5-4A18-8D1A-0C6CAA47A186}.Debug|Any CPU.ActiveCfg = Debug|Any CPU
		{67D9323C-FEE5-4A18-8D1A-0C6CAA47A186}.Debug|Any CPU.Build.0 = Debug|Any CPU
		{67D9323C-FEE5-4A18-8D1A-0C6CAA47A186}.Release|Any CPU.ActiveCfg = Debug|Any CPU
		{67D9323C-FEE5-4A18-8D1A-0C6CAA47A186}.Release|Any CPU.Build.0 = Debug|Any CPU
	EndGlobalSection
	GlobalSection(SolutionProperties) = preSolution
		HideSolutionNode = FALSE
	EndGlobalSection
	GlobalSection(ExtensibilityGlobals) = postSolution
		SolutionGuid = {562D9D56-C6B9-4CC4-B316-8624271196A1}
	EndGlobalSection
EndGlobal
